// !$*UTF8*$!
{
	archiveVersion = 1;
	classes = {
	};
	objectVersion = 50;
	objects = {

/* Begin PBXBuildFile section */
		A9AFE6B726CE5B1D00A5B9FF /* AppDelegate.swift in Sources */ = {isa = PBXBuildFile; fileRef = A9AFE6B626CE5B1D00A5B9FF /* AppDelegate.swift */; };
		A9AFE6B926CE5B1D00A5B9FF /* SceneDelegate.swift in Sources */ = {isa = PBXBuildFile; fileRef = A9AFE6B826CE5B1D00A5B9FF /* SceneDelegate.swift */; };
		A9AFE6BB26CE5B1D00A5B9FF /* ViewController.swift in Sources */ = {isa = PBXBuildFile; fileRef = A9AFE6BA26CE5B1D00A5B9FF /* ViewController.swift */; };
		A9AFE6BE26CE5B1D00A5B9FF /* Main.storyboard in Resources */ = {isa = PBXBuildFile; fileRef = A9AFE6BC26CE5B1D00A5B9FF /* Main.storyboard */; };
		A9AFE6C026CE5B2100A5B9FF /* Assets.xcassets in Resources */ = {isa = PBXBuildFile; fileRef = A9AFE6BF26CE5B2100A5B9FF /* Assets.xcassets */; };
		A9AFE6C326CE5B2100A5B9FF /* LaunchScreen.storyboard in Resources */ = {isa = PBXBuildFile; fileRef = A9AFE6C126CE5B2100A5B9FF /* LaunchScreen.storyboard */; };
		A9AFE6CD26CE5D4000A5B9FF /* a.scnassets in Resources */ = {isa = PBXBuildFile; fileRef = A9AFE6CC26CE5D4000A5B9FF /* a.scnassets */; };
/* End PBXBuildFile section */

/* Begin PBXFileReference section */
		A9AFE6B326CE5B1D00A5B9FF /* threeDisplay.app */ = {isa = PBXFileReference; explicitFileType = wrapper.application; includeInIndex = 0; path = threeDisplay.app; sourceTree = BUILT_PRODUCTS_DIR; };
		A9AFE6B626CE5B1D00A5B9FF /* AppDelegate.swift */ = {isa = PBXFileReference; lastKnownFileType = sourcecode.swift; path = AppDelegate.swift; sourceTree = "<group>"; };
		A9AFE6B826CE5B1D00A5B9FF /* SceneDelegate.swift */ = {isa = PBXFileReference; lastKnownFileType = sourcecode.swift; path = SceneDelegate.swift; sourceTree = "<group>"; };
		A9AFE6BA26CE5B1D00A5B9FF /* ViewController.swift */ = {isa = PBXFileReference; lastKnownFileType = sourcecode.swift; path = ViewController.swift; sourceTree = "<group>"; };
		A9AFE6BD26CE5B1D00A5B9FF /* Base */ = {isa = PBXFileReference; lastKnownFileType = file.storyboard; name = Base; path = Base.lproj/Main.storyboard; sourceTree = "<group>"; };
		A9AFE6BF26CE5B2100A5B9FF /* Assets.xcassets */ = {isa = PBXFileReference; lastKnownFileType = folder.assetcatalog; path = Assets.xcassets; sourceTree = "<group>"; };
		A9AFE6C226CE5B2100A5B9FF /* Base */ = {isa = PBXFileReference; lastKnownFileType = file.storyboard; name = Base; path = Base.lproj/LaunchScreen.storyboard; sourceTree = "<group>"; };
		A9AFE6C426CE5B2100A5B9FF /* Info.plist */ = {isa = PBXFileReference; lastKnownFileType = text.plist.xml; path = Info.plist; sourceTree = "<group>"; };
		A9AFE6CC26CE5D4000A5B9FF /* a.scnassets */ = {isa = PBXFileReference; lastKnownFileType = wrapper.scnassets; path = a.scnassets; sourceTree = "<group>"; };
/* End PBXFileReference section */

/* Begin PBXFrameworksBuildPhase section */
		A9AFE6B026CE5B1D00A5B9FF /* Frameworks */ = {
			isa = PBXFrameworksBuildPhase;
			buildActionMask = 2147483647;
			files = (
			);
			runOnlyForDeploymentPostprocessing = 0;
		};
/* End PBXFrameworksBuildPhase section */

/* Begin PBXGroup section */
		A9AFE6AA26CE5B1D00A5B9FF = {
			isa = PBXGroup;
			children = (
				A9AFE6B526CE5B1D00A5B9FF /* threeDisplay */,
				A9AFE6B426CE5B1D00A5B9FF /* Products */,
			);
			sourceTree = "<group>";
		};
		A9AFE6B426CE5B1D00A5B9FF /* Products */ = {
			isa = PBXGroup;
			children = (
				A9AFE6B326CE5B1D00A5B9FF /* threeDisplay.app */,
			);
			name = Products;
			sourceTree = "<group>";
		};
		A9AFE6B526CE5B1D00A5B9FF /* threeDisplay */ = {
			isa = PBXGroup;
			children = (
				A9AFE6B626CE5B1D00A5B9FF /* AppDelegate.swift */,
				A9AFE6B826CE5B1D00A5B9FF /* SceneDelegate.swift */,
				A9AFE6BA26CE5B1D00A5B9FF /* ViewController.swift */,
				A9AFE6BC26CE5B1D00A5B9FF /* Main.storyboard */,
				A9AFE6CC26CE5D4000A5B9FF /* a.scnassets */,
				A9AFE6BF26CE5B2100A5B9FF /* Assets.xcassets */,
				A9AFE6C126CE5B2100A5B9FF /* LaunchScreen.storyboard */,
				A9AFE6C426CE5B2100A5B9FF /* Info.plist */,
			);
			path = threeDisplay;
			sourceTree = "<group>";
		};
/* End PBXGroup section */

/* Begin PBXNativeTarget section */
		A9AFE6B226CE5B1D00A5B9FF /* threeDisplay */ = {
			isa = PBXNativeTarget;
			buildConfigurationList = A9AFE6C726CE5B2100A5B9FF /* Build configuration list for PBXNativeTarget "threeDisplay" */;
			buildPhases = (
				A9AFE6AF26CE5B1D00A5B9FF /* Sources */,
				A9AFE6B026CE5B1D00A5B9FF /* Frameworks */,
				A9AFE6B126CE5B1D00A5B9FF /* Resources */,
			);
			buildRules = (
			);
			dependencies = (
			);
			name = threeDisplay;
			productName = threeDisplay;
			productReference = A9AFE6B326CE5B1D00A5B9FF /* threeDisplay.app */;
			productType = "com.apple.product-type.application";
		};
/* End PBXNativeTarget section */

/* Begin PBXProject section */
		A9AFE6AB26CE5B1D00A5B9FF /* Project object */ = {
			isa = PBXProject;
			attributes = {
				LastSwiftUpdateCheck = 1250;
				LastUpgradeCheck = 1250;
				TargetAttributes = {
					A9AFE6B226CE5B1D00A5B9FF = {
						CreatedOnToolsVersion = 12.5.1;
					};
				};
			};
			buildConfigurationList = A9AFE6AE26CE5B1D00A5B9FF /* Build configuration list for PBXProject "threeDisplay" */;
			compatibilityVersion = "Xcode 9.3";
			developmentRegion = en;
			hasScannedForEncodings = 0;
			knownRegions = (
				en,
				Base,
			);
			mainGroup = A9AFE6AA26CE5B1D00A5B9FF;
			productRefGroup = A9AFE6B426CE5B1D00A5B9FF /* Products */;
			projectDirPath = "";
			projectRoot = "";
			targets = (
				A9AFE6B226CE5B1D00A5B9FF /* threeDisplay */,
			);
		};
/* End PBXProject section */

/* Begin PBXResourcesBuildPhase section */
		A9AFE6B126CE5B1D00A5B9FF /* Resources */ = {
			isa = PBXResourcesBuildPhase;
			buildActionMask = 2147483647;
			files = (
				A9AFE6CD26CE5D4000A5B9FF /* a.scnassets in Resources */,
				A9AFE6C326CE5B2100A5B9FF /* LaunchScreen.storyboard in Resources */,
				A9AFE6C026CE5B2100A5B9FF /* Assets.xcassets in Resources */,
				A9AFE6BE26CE5B1D00A5B9FF /* Main.storyboard in Resources */,
			);
			runOnlyForDeploymentPostprocessing = 0;
		};
/* End PBXResourcesBuildPhase section */

/* Begin PBXSourcesBuildPhase section */
		A9AFE6AF26CE5B1D00A5B9FF /* Sources */ = {
			isa = PBXSourcesBuildPhase;
			buildActionMask = 2147483647;
			files = (
				A9AFE6BB26CE5B1D00A5B9FF /* ViewController.swift in Sources */,
				A9AFE6B726CE5B1D00A5B9FF /* AppDelegate.swift in Sources */,
				A9AFE6B926CE5B1D00A5B9FF /* SceneDelegate.swift in Sources */,
			);
			runOnlyForDeploymentPostprocessing = 0;
		};
/* End PBXSourcesBuildPhase section */

/* Begin PBXVariantGroup section */
		A9AFE6BC26CE5B1D00A5B9FF /* Main.storyboard */ = {
			isa = PBXVariantGroup;
			children = (
				A9AFE6BD26CE5B1D00A5B9FF /* Base */,
			);
			name = Main.storyboard;
			sourceTree = "<group>";
		};
		A9AFE6C126CE5B2100A5B9FF /* LaunchScreen.storyboard */ = {
			isa = PBXVariantGroup;
			children = (
				A9AFE6C226CE5B2100A5B9FF /* Base */,
			);
			name = LaunchScreen.storyboard;
			sourceTree = "<group>";
		};
/* End PBXVariantGroup section */

/* Begin XCBuildConfiguration section */
		A9AFE6C526CE5B2100A5B9FF /* Debug */ = {
			isa = XCBuildConfiguration;
			buildSettings = {
				ALWAYS_SEARCH_USER_PATHS = NO;
				CLANG_ANALYZER_NONNULL = YES;
				CLANG_ANALYZER_NUMBER_OBJECT_CONVERSION = YES_AGGRESSIVE;
				CLANG_CXX_LANGUAGE_STANDARD = "gnu++14";
				CLANG_CXX_LIBRARY = "libc++";
				CLANG_ENABLE_MODULES = YES;
				CLANG_ENABLE_OBJC_ARC = YES;
				CLANG_ENABLE_OBJC_WEAK = YES;
				CLANG_WARN_BLOCK_CAPTURE_AUTORELEASING = YES;
				CLANG_WARN_BOOL_CONVERSION = YES;
				CLANG_WARN_COMMA = YES;
				CLANG_WARN_CONSTANT_CONVERSION = YES;
				CLANG_WARN_DEPRECATED_OBJC_IMPLEMENTATIONS = YES;
				CLANG_WARN_DIRECT_OBJC_ISA_USAGE = YES_ERROR;
				CLANG_WARN_DOCUMENTATION_COMMENTS = YES;
				CLANG_WARN_EMPTY_BODY = YES;
				CLANG_WARN_ENUM_CONVERSION = YES;
				CLANG_WARN_INFINITE_RECURSION = YES;
				CLANG_WARN_INT_CONVERSION = YES;
				CLANG_WARN_NON_LITERAL_NULL_CONVERSION = YES;
				CLANG_WARN_OBJC_IMPLICIT_RETAIN_SELF = YES;
				CLANG_WARN_OBJC_LITERAL_CONVERSION = YES;
				CLANG_WARN_OBJC_ROOT_CLASS = YES_ERROR;
				CLANG_WARN_QUOTED_INCLUDE_IN_FRAMEWORK_HEADER = YES;
				CLANG_WARN_RANGE_LOOP_ANALYSIS = YES;
				CLANG_WARN_STRICT_PROTOTYPES = YES;
				CLANG_WARN_SUSPICIOUS_MOVE = YES;
				CLANG_WARN_UNGUARDED_AVAILABILITY = YES_AGGRESSIVE;
				CLANG_WARN_UNREACHABLE_CODE = YES;
				CLANG_WARN__DUPLICATE_METHOD_MATCH = YES;
				COPY_PHASE_STRIP = NO;
				DEBUG_INFORMATION_FORMAT = dwarf;
				ENABLE_STRICT_OBJC_MSGSEND = YES;
				ENABLE_TESTABILITY = YES;
				GCC_C_LANGUAGE_STANDARD = gnu11;
				GCC_DYNAMIC_NO_PIC = NO;
				GCC_NO_COMMON_BLOCKS = YES;
				GCC_OPTIMIZATION_LEVEL = 0;
				GCC_PREPROCESSOR_DEFINITIONS = (
					"DEBUG=1",
					"$(inherited)",
				);
				GCC_WARN_64_TO_32_BIT_CONVERSION = YES;
				GCC_WARN_ABOUT_RETURN_TYPE = YES_ERROR;
				GCC_WARN_UNDECLARED_SELECTOR = YES;
				GCC_WARN_UNINITIALIZED_AUTOS = YES_AGGRESSIVE;
				GCC_WARN_UNUSED_FUNCTION = YES;
				GCC_WARN_UNUSED_VARIABLE = YES;
				IPHONEOS_DEPLOYMENT_TARGET = 14.5;
				MTL_ENABLE_DEBUG_INFO = INCLUDE_SOURCE;
				MTL_FAST_MATH = YES;
				ONLY_ACTIVE_ARCH = YES;
				SDKROOT = iphoneos;
				SWIFT_ACTIVE_COMPILATION_CONDITIONS = DEBUG;
				SWIFT_OPTIMIZATION_LEVEL = "-Onone";
			};
			name = Debug;
		};
		A9AFE6C626CE5B2100A5B9FF /* Release */ = {
			isa = XCBuildConfiguration;
			buildSettings = {
				ALWAYS_SEARCH_USER_PATHS = NO;
				CLANG_ANALYZER_NONNULL = YES;
				CLANG_ANALYZER_NUMBER_OBJECT_CONVERSION = YES_AGGRESSIVE;
				CLANG_CXX_LANGUAGE_STANDARD = "gnu++14";
				CLANG_CXX_LIBRARY = "libc++";
				CLANG_ENABLE_MODULES = YES;
				CLANG_ENABLE_OBJC_ARC = YES;
				CLANG_ENABLE_OBJC_WEAK = YES;
				CLANG_WARN_BLOCK_CAPTURE_AUTORELEASING = YES;
				CLANG_WARN_BOOL_CONVERSION = YES;
				CLANG_WARN_COMMA = YES;
				CLANG_WARN_CONSTANT_CONVERSION = YES;
				CLANG_WARN_DEPRECATED_OBJC_IMPLEMENTATIONS = YES;
				CLANG_WARN_DIRECT_OBJC_ISA_USAGE = YES_ERROR;
				CLANG_WARN_DOCUMENTATION_COMMENTS = YES;
				CLANG_WARN_EMPTY_BODY = YES;
				CLANG_WARN_ENUM_CONVERSION = YES;
				CLANG_WARN_INFINITE_RECURSION = YES;
				CLANG_WARN_INT_CONVERSION = YES;
				CLANG_WARN_NON_LITERAL_NULL_CONVERSION = YES;
				CLANG_WARN_OBJC_IMPLICIT_RETAIN_SELF = YES;
				CLANG_WARN_OBJC_LITERAL_CONVERSION = YES;
				CLANG_WARN_OBJC_ROOT_CLASS = YES_ERROR;
				CLANG_WARN_QUOTED_INCLUDE_IN_FRAMEWORK_HEADER = YES;
				CLANG_WARN_RANGE_LOOP_ANALYSIS = YES;
				CLANG_WARN_STRICT_PROTOTYPES = YES;
				CLANG_WARN_SUSPICIOUS_MOVE = YES;
				CLANG_WARN_UNGUARDED_AVAILABILITY = YES_AGGRESSIVE;
				CLANG_WARN_UNREACHABLE_CODE = YES;
				CLANG_WARN__DUPLICATE_METHOD_MATCH = YES;
				COPY_PHASE_STRIP = NO;
				DEBUG_INFORMATION_FORMAT = "dwarf-with-dsym";
				ENABLE_NS_ASSERTIONS = NO;
				ENABLE_STRICT_OBJC_MSGSEND = YES;
				GCC_C_LANGUAGE_STANDARD = gnu11;
				GCC_NO_COMMON_BLOCKS = YES;
				GCC_WARN_64_TO_32_BIT_CONVERSION = YES;
				GCC_WARN_ABOUT_RETURN_TYPE = YES_ERROR;
				GCC_WARN_UNDECLARED_SELECTOR = YES;
				GCC_WARN_UNINITIALIZED_AUTOS = YES_AGGRESSIVE;
				GCC_WARN_UNUSED_FUNCTION = YES;
				GCC_WARN_UNUSED_VARIABLE = YES;
				IPHONEOS_DEPLOYMENT_TARGET = 14.5;
				MTL_ENABLE_DEBUG_INFO = NO;
				MTL_FAST_MATH = YES;
				SDKROOT = iphoneos;
				SWIFT_COMPILATION_MODE = wholemodule;
				SWIFT_OPTIMIZATION_LEVEL = "-O";
				VALIDATE_PRODUCT = YES;
			};
			name = Release;
		};
		A9AFE6C826CE5B2100A5B9FF /* Debug */ = {
			isa = XCBuildConfiguration;
			buildSettings = {
				ASSETCATALOG_COMPILER_APPICON_NAME = AppIcon;
				ASSETCATALOG_COMPILER_GLOBAL_ACCENT_COLOR_NAME = AccentColor;
				CODE_SIGN_STYLE = Automatic;
				DEVELOPMENT_TEAM = W8LHF9DL7C;
				INFOPLIST_FILE = threeDisplay/Info.plist;
				IPHONEOS_DEPLOYMENT_TARGET = 13.0;
				LD_RUNPATH_SEARCH_PATHS = (
					"$(inherited)",
					"@executable_path/Frameworks",
				);
				PRODUCT_BUNDLE_IDENTIFIER = com.francis.threeDisplay;
				PRODUCT_NAME = "$(TARGET_NAME)";
				SWIFT_VERSION = 5.0;
				TARGETED_DEVICE_FAMILY = "1,2";
			};
			name = Debug;
		};
		A9AFE6C926CE5B2100A5B9FF /* Release */ = {
			isa = XCBuildConfiguration;
			buildSettings = {
				ASSETCATALOG_COMPILER_APPICON_NAME = AppIcon;
				ASSETCATALOG_COMPILER_GLOBAL_ACCENT_COLOR_NAME = AccentColor;
				CODE_SIGN_STYLE = Automatic;
				DEVELOPMENT_TEAM = W8LHF9DL7C;
				INFOPLIST_FILE = threeDisplay/Info.plist;
				IPHONEOS_DEPLOYMENT_TARGET = 13.0;
				LD_RUNPATH_SEARCH_PATHS = (
					"$(inherited)",
					"@executable_path/Frameworks",
				);
				PRODUCT_BUNDLE_IDENTIFIER = com.francis.threeDisplay;
				PRODUCT_NAME = "$(TARGET_NAME)";
				SWIFT_VERSION = 5.0;
				TARGETED_DEVICE_FAMILY = "1,2";
			};
			name = Release;
		};
/* End XCBuildConfiguration section */

/* Begin XCConfigurationList section */
		A9AFE6AE26CE5B1D00A5B9FF /* Build configuration list for PBXProject "threeDisplay" */ = {
			isa = XCConfigurationList;
			buildConfigurations = (
				A9AFE6C526CE5B2100A5B9FF /* Debug */,
				A9AFE6C626CE5B2100A5B9FF /* Release */,
			);
			defaultConfigurationIsVisible = 0;
			defaultConfigurationName = Release;
		};
		A9AFE6C726CE5B2100A5B9FF /* Build configuration list for PBXNativeTarget "threeDisplay" */ = {
			isa = XCConfigurationList;
			buildConfigurations = (
				A9AFE6C826CE5B2100A5B9FF /* Debug */,
				A9AFE6C926CE5B2100A5B9FF /* Release */,
			);
			defaultConfigurationIsVisible = 0;
			defaultConfigurationName = Release;
		};
/* End XCConfigurationList section */
	};
	rootObject = A9AFE6AB26CE5B1D00A5B9FF /* Project object */;
}
